// !$*UTF8*$!
{
	archiveVersion = 1;
	classes = {
	};
	objectVersion = 46;
	objects = {

/* Begin PBXBuildFile section */
		15B13A9BD3D26B91D30A1B84 /* Pods_Sous_Box.framework in Frameworks */ = {isa = PBXBuildFile; fileRef = EE1002E0F1BC85F31A2A1A3E /* Pods_Sous_Box.framework */; };
		280785B61E81ABBA00A08433 /* SpoonClient.swift in Sources */ = {isa = PBXBuildFile; fileRef = 280785B51E81ABBA00A08433 /* SpoonClient.swift */; };
		2880013D1E806BEE00877620 /* RecipeCellView.swift in Sources */ = {isa = PBXBuildFile; fileRef = 2880013C1E806BEE00877620 /* RecipeCellView.swift */; };
		2880013F1E806D9500877620 /* RecipeListViewController.swift in Sources */ = {isa = PBXBuildFile; fileRef = 2880013E1E806D9500877620 /* RecipeListViewController.swift */; };
		288001411E80704700877620 /* SpoonConstants.swift in Sources */ = {isa = PBXBuildFile; fileRef = 288001401E80704700877620 /* SpoonConstants.swift */; };
		288001431E808FCE00877620 /* SavedRecipeCell.swift in Sources */ = {isa = PBXBuildFile; fileRef = 288001421E808FCE00877620 /* SavedRecipeCell.swift */; };
		28D3BCC11E7B3D8400F98E06 /* AppDelegate.swift in Sources */ = {isa = PBXBuildFile; fileRef = 28D3BCC01E7B3D8400F98E06 /* AppDelegate.swift */; };
		28D3BCC31E7B3D8400F98E06 /* TabBarViewController.swift in Sources */ = {isa = PBXBuildFile; fileRef = 28D3BCC21E7B3D8400F98E06 /* TabBarViewController.swift */; };
		28D3BCC61E7B3D8400F98E06 /* Main.storyboard in Resources */ = {isa = PBXBuildFile; fileRef = 28D3BCC41E7B3D8400F98E06 /* Main.storyboard */; };
		28D3BCC81E7B3D8400F98E06 /* Assets.xcassets in Resources */ = {isa = PBXBuildFile; fileRef = 28D3BCC71E7B3D8400F98E06 /* Assets.xcassets */; };
		28D3BCCB1E7B3D8400F98E06 /* LaunchScreen.storyboard in Resources */ = {isa = PBXBuildFile; fileRef = 28D3BCC91E7B3D8400F98E06 /* LaunchScreen.storyboard */; };
/* End PBXBuildFile section */

/* Begin PBXFileReference section */
		280785B51E81ABBA00A08433 /* SpoonClient.swift */ = {isa = PBXFileReference; fileEncoding = 4; lastKnownFileType = sourcecode.swift; path = SpoonClient.swift; sourceTree = "<group>"; };
		2880013C1E806BEE00877620 /* RecipeCellView.swift */ = {isa = PBXFileReference; fileEncoding = 4; lastKnownFileType = sourcecode.swift; path = RecipeCellView.swift; sourceTree = "<group>"; };
		2880013E1E806D9500877620 /* RecipeListViewController.swift */ = {isa = PBXFileReference; fileEncoding = 4; lastKnownFileType = sourcecode.swift; path = RecipeListViewController.swift; sourceTree = "<group>"; };
		288001401E80704700877620 /* SpoonConstants.swift */ = {isa = PBXFileReference; fileEncoding = 4; lastKnownFileType = sourcecode.swift; path = SpoonConstants.swift; sourceTree = "<group>"; };
		288001421E808FCE00877620 /* SavedRecipeCell.swift */ = {isa = PBXFileReference; fileEncoding = 4; lastKnownFileType = sourcecode.swift; path = SavedRecipeCell.swift; sourceTree = "<group>"; };
		28D3BCBD1E7B3D8400F98E06 /* Sous Box.app */ = {isa = PBXFileReference; explicitFileType = wrapper.application; includeInIndex = 0; path = "Sous Box.app"; sourceTree = BUILT_PRODUCTS_DIR; };
		28D3BCC01E7B3D8400F98E06 /* AppDelegate.swift */ = {isa = PBXFileReference; lastKnownFileType = sourcecode.swift; path = AppDelegate.swift; sourceTree = "<group>"; };
		28D3BCC21E7B3D8400F98E06 /* TabBarViewController.swift */ = {isa = PBXFileReference; lastKnownFileType = sourcecode.swift; path = TabBarViewController.swift; sourceTree = "<group>"; };
		28D3BCC51E7B3D8400F98E06 /* Base */ = {isa = PBXFileReference; lastKnownFileType = file.storyboard; name = Base; path = Base.lproj/Main.storyboard; sourceTree = "<group>"; };
		28D3BCC71E7B3D8400F98E06 /* Assets.xcassets */ = {isa = PBXFileReference; lastKnownFileType = folder.assetcatalog; path = Assets.xcassets; sourceTree = "<group>"; };
		28D3BCCA1E7B3D8400F98E06 /* Base */ = {isa = PBXFileReference; lastKnownFileType = file.storyboard; name = Base; path = Base.lproj/LaunchScreen.storyboard; sourceTree = "<group>"; };
		28D3BCCC1E7B3D8400F98E06 /* Info.plist */ = {isa = PBXFileReference; lastKnownFileType = text.plist.xml; path = Info.plist; sourceTree = "<group>"; };
		5F61028756412B01258EAE8B /* Pods-Sous Box.release.xcconfig */ = {isa = PBXFileReference; includeInIndex = 1; lastKnownFileType = text.xcconfig; name = "Pods-Sous Box.release.xcconfig"; path = "Pods/Target Support Files/Pods-Sous Box/Pods-Sous Box.release.xcconfig"; sourceTree = "<group>"; };
		D3716AC67C37BAB064626663 /* Pods-Sous Box.debug.xcconfig */ = {isa = PBXFileReference; includeInIndex = 1; lastKnownFileType = text.xcconfig; name = "Pods-Sous Box.debug.xcconfig"; path = "Pods/Target Support Files/Pods-Sous Box/Pods-Sous Box.debug.xcconfig"; sourceTree = "<group>"; };
		EE1002E0F1BC85F31A2A1A3E /* Pods_Sous_Box.framework */ = {isa = PBXFileReference; explicitFileType = wrapper.framework; includeInIndex = 0; path = Pods_Sous_Box.framework; sourceTree = BUILT_PRODUCTS_DIR; };
/* End PBXFileReference section */

/* Begin PBXFrameworksBuildPhase section */
		28D3BCBA1E7B3D8400F98E06 /* Frameworks */ = {
			isa = PBXFrameworksBuildPhase;
			buildActionMask = 2147483647;
			files = (
				15B13A9BD3D26B91D30A1B84 /* Pods_Sous_Box.framework in Frameworks */,
			);
			runOnlyForDeploymentPostprocessing = 0;
		};
/* End PBXFrameworksBuildPhase section */

/* Begin PBXGroup section */
		2880013A1E80627A00877620 /* Spoonacular */ = {
			isa = PBXGroup;
			children = (
				288001401E80704700877620 /* SpoonConstants.swift */,
				280785B51E81ABBA00A08433 /* SpoonClient.swift */,
			);
			name = Spoonacular;
			sourceTree = "<group>";
		};
		2880013B1E8062BD00877620 /* Firebase */ = {
			isa = PBXGroup;
			children = (
			);
			name = Firebase;
			sourceTree = "<group>";
		};
		28D3BCB41E7B3D8400F98E06 = {
			isa = PBXGroup;
			children = (
				28D3BCBF1E7B3D8400F98E06 /* Sous Box */,
				28D3BCBE1E7B3D8400F98E06 /* Products */,
				50A617B95F80C73517EC92B8 /* Pods */,
				870BE2059DAE113EEC15BC6F /* Frameworks */,
			);
			sourceTree = "<group>";
		};
		28D3BCBE1E7B3D8400F98E06 /* Products */ = {
			isa = PBXGroup;
			children = (
				28D3BCBD1E7B3D8400F98E06 /* Sous Box.app */,
			);
			name = Products;
			sourceTree = "<group>";
		};
		28D3BCBF1E7B3D8400F98E06 /* Sous Box */ = {
			isa = PBXGroup;
			children = (
				28D3BCD41E7B3DAD00F98E06 /* Model */,
				28D3BCD31E7B3DA200F98E06 /* View */,
				28D3BCD21E7B3D9000F98E06 /* Controller */,
				28D3BCC01E7B3D8400F98E06 /* AppDelegate.swift */,
				28D3BCC41E7B3D8400F98E06 /* Main.storyboard */,
				28D3BCC71E7B3D8400F98E06 /* Assets.xcassets */,
				28D3BCC91E7B3D8400F98E06 /* LaunchScreen.storyboard */,
				28D3BCCC1E7B3D8400F98E06 /* Info.plist */,
			);
			path = "Sous Box";
			sourceTree = "<group>";
		};
		28D3BCD21E7B3D9000F98E06 /* Controller */ = {
			isa = PBXGroup;
			children = (
				28D3BCC21E7B3D8400F98E06 /* TabBarViewController.swift */,
				2880013E1E806D9500877620 /* RecipeListViewController.swift */,
			);
			name = Controller;
			sourceTree = "<group>";
		};
		28D3BCD31E7B3DA200F98E06 /* View */ = {
			isa = PBXGroup;
			children = (
				2880013C1E806BEE00877620 /* RecipeCellView.swift */,
				288001421E808FCE00877620 /* SavedRecipeCell.swift */,
			);
			name = View;
			sourceTree = "<group>";
		};
		28D3BCD41E7B3DAD00F98E06 /* Model */ = {
			isa = PBXGroup;
			children = (
				2880013B1E8062BD00877620 /* Firebase */,
				2880013A1E80627A00877620 /* Spoonacular */,
			);
			name = Model;
			sourceTree = "<group>";
		};
		50A617B95F80C73517EC92B8 /* Pods */ = {
			isa = PBXGroup;
			children = (
				D3716AC67C37BAB064626663 /* Pods-Sous Box.debug.xcconfig */,
				5F61028756412B01258EAE8B /* Pods-Sous Box.release.xcconfig */,
			);
			name = Pods;
			sourceTree = "<group>";
		};
		870BE2059DAE113EEC15BC6F /* Frameworks */ = {
			isa = PBXGroup;
			children = (
				EE1002E0F1BC85F31A2A1A3E /* Pods_Sous_Box.framework */,
			);
			name = Frameworks;
			sourceTree = "<group>";
		};
/* End PBXGroup section */

/* Begin PBXNativeTarget section */
		28D3BCBC1E7B3D8400F98E06 /* Sous Box */ = {
			isa = PBXNativeTarget;
			buildConfigurationList = 28D3BCCF1E7B3D8400F98E06 /* Build configuration list for PBXNativeTarget "Sous Box" */;
			buildPhases = (
				61D71A118325B94A92218AE8 /* [CP] Check Pods Manifest.lock */,
				28D3BCB91E7B3D8400F98E06 /* Sources */,
				28D3BCBA1E7B3D8400F98E06 /* Frameworks */,
				28D3BCBB1E7B3D8400F98E06 /* Resources */,
				76B40237016B93D4641B55D7 /* [CP] Embed Pods Frameworks */,
				DDD2BE41F025F401B881A95D /* [CP] Copy Pods Resources */,
			);
			buildRules = (
			);
			dependencies = (
			);
			name = "Sous Box";
			productName = "Sous Box";
			productReference = 28D3BCBD1E7B3D8400F98E06 /* Sous Box.app */;
			productType = "com.apple.product-type.application";
		};
/* End PBXNativeTarget section */

/* Begin PBXProject section */
		28D3BCB51E7B3D8400F98E06 /* Project object */ = {
			isa = PBXProject;
			attributes = {
				LastSwiftUpdateCheck = 0820;
				LastUpgradeCheck = 0820;
				ORGANIZATIONNAME = Billy;
				TargetAttributes = {
					28D3BCBC1E7B3D8400F98E06 = {
						CreatedOnToolsVersion = 8.2.1;
						DevelopmentTeam = BQ64AM57S3;
						ProvisioningStyle = Automatic;
					};
				};
			};
			buildConfigurationList = 28D3BCB81E7B3D8400F98E06 /* Build configuration list for PBXProject "Sous Box" */;
			compatibilityVersion = "Xcode 3.2";
			developmentRegion = English;
			hasScannedForEncodings = 0;
			knownRegions = (
				en,
				Base,
			);
			mainGroup = 28D3BCB41E7B3D8400F98E06;
			productRefGroup = 28D3BCBE1E7B3D8400F98E06 /* Products */;
			projectDirPath = "";
			projectRoot = "";
			targets = (
				28D3BCBC1E7B3D8400F98E06 /* Sous Box */,
			);
		};
/* End PBXProject section */

/* Begin PBXResourcesBuildPhase section */
		28D3BCBB1E7B3D8400F98E06 /* Resources */ = {
			isa = PBXResourcesBuildPhase;
			buildActionMask = 2147483647;
			files = (
				28D3BCCB1E7B3D8400F98E06 /* LaunchScreen.storyboard in Resources */,
				28D3BCC81E7B3D8400F98E06 /* Assets.xcassets in Resources */,
				28D3BCC61E7B3D8400F98E06 /* Main.storyboard in Resources */,
			);
			runOnlyForDeploymentPostprocessing = 0;
		};
/* End PBXResourcesBuildPhase section */

/* Begin PBXShellScriptBuildPhase section */
		61D71A118325B94A92218AE8 /* [CP] Check Pods Manifest.lock */ = {
			isa = PBXShellScriptBuildPhase;
			buildActionMask = 2147483647;
			files = (
			);
			inputPaths = (
			);
			name = "[CP] Check Pods Manifest.lock";
			outputPaths = (
			);
			runOnlyForDeploymentPostprocessing = 0;
			shellPath = /bin/sh;
			shellScript = "diff \"${PODS_ROOT}/../Podfile.lock\" \"${PODS_ROOT}/Manifest.lock\" > /dev/null\nif [ $? != 0 ] ; then\n    # print error to STDERR\n    echo \"error: The sandbox is not in sync with the Podfile.lock. Run 'pod install' or update your CocoaPods installation.\" >&2\n    exit 1\nfi\n";
			showEnvVarsInLog = 0;
		};
		76B40237016B93D4641B55D7 /* [CP] Embed Pods Frameworks */ = {
			isa = PBXShellScriptBuildPhase;
			buildActionMask = 2147483647;
			files = (
			);
			inputPaths = (
			);
			name = "[CP] Embed Pods Frameworks";
			outputPaths = (
			);
			runOnlyForDeploymentPostprocessing = 0;
			shellPath = /bin/sh;
			shellScript = "\"${SRCROOT}/Pods/Target Support Files/Pods-Sous Box/Pods-Sous Box-frameworks.sh\"\n";
			showEnvVarsInLog = 0;
		};
		DDD2BE41F025F401B881A95D /* [CP] Copy Pods Resources */ = {
			isa = PBXShellScriptBuildPhase;
			buildActionMask = 2147483647;
			files = (
			);
			inputPaths = (
			);
			name = "[CP] Copy Pods Resources";
			outputPaths = (
			);
			runOnlyForDeploymentPostprocessing = 0;
			shellPath = /bin/sh;
			shellScript = "\"${SRCROOT}/Pods/Target Support Files/Pods-Sous Box/Pods-Sous Box-resources.sh\"\n";
			showEnvVarsInLog = 0;
		};
/* End PBXShellScriptBuildPhase section */

/* Begin PBXSourcesBuildPhase section */
		28D3BCB91E7B3D8400F98E06 /* Sources */ = {
			isa = PBXSourcesBuildPhase;
			buildActionMask = 2147483647;
			files = (
				288001411E80704700877620 /* SpoonConstants.swift in Sources */,
				2880013F1E806D9500877620 /* RecipeListViewController.swift in Sources */,
				280785B61E81ABBA00A08433 /* SpoonClient.swift in Sources */,
				2880013D1E806BEE00877620 /* RecipeCellView.swift in Sources */,
				288001431E808FCE00877620 /* SavedRecipeCell.swift in Sources */,
				28D3BCC31E7B3D8400F98E06 /* TabBarViewController.swift in Sources */,
				28D3BCC11E7B3D8400F98E06 /* AppDelegate.swift in Sources */,
			);
			runOnlyForDeploymentPostprocessing = 0;
		};
/* End PBXSourcesBuildPhase section */

/* Begin PBXVariantGroup section */
		28D3BCC41E7B3D8400F98E06 /* Main.storyboard */ = {
			isa = PBXVariantGroup;
			children = (
				28D3BCC51E7B3D8400F98E06 /* Base */,
			);
			name = Main.storyboard;
			sourceTree = "<group>";
		};
		28D3BCC91E7B3D8400F98E06 /* LaunchScreen.storyboard */ = {
			isa = PBXVariantGroup;
			children = (
				28D3BCCA1E7B3D8400F98E06 /* Base */,
			);
			name = LaunchScreen.storyboard;
			sourceTree = "<group>";
		};
/* End PBXVariantGroup section */

/* Begin XCBuildConfiguration section */
		28D3BCCD1E7B3D8400F98E06 /* Debug */ = {
			isa = XCBuildConfiguration;
			buildSettings = {
				ALWAYS_SEARCH_USER_PATHS = NO;
				CLANG_ANALYZER_NONNULL = YES;
				CLANG_CXX_LANGUAGE_STANDARD = "gnu++0x";
				CLANG_CXX_LIBRARY = "libc++";
				CLANG_ENABLE_MODULES = YES;
				CLANG_ENABLE_OBJC_ARC = YES;
				CLANG_WARN_BOOL_CONVERSION = YES;
				CLANG_WARN_CONSTANT_CONVERSION = YES;
				CLANG_WARN_DIRECT_OBJC_ISA_USAGE = YES_ERROR;
				CLANG_WARN_DOCUMENTATION_COMMENTS = YES;
				CLANG_WARN_EMPTY_BODY = YES;
				CLANG_WARN_ENUM_CONVERSION = YES;
				CLANG_WARN_INFINITE_RECURSION = YES;
				CLANG_WARN_INT_CONVERSION = YES;
				CLANG_WARN_OBJC_ROOT_CLASS = YES_ERROR;
				CLANG_WARN_SUSPICIOUS_MOVE = YES;
				CLANG_WARN_UNREACHABLE_CODE = YES;
				CLANG_WARN__DUPLICATE_METHOD_MATCH = YES;
				"CODE_SIGN_IDENTITY[sdk=iphoneos*]" = "iPhone Developer";
				COPY_PHASE_STRIP = NO;
				DEBUG_INFORMATION_FORMAT = dwarf;
				ENABLE_STRICT_OBJC_MSGSEND = YES;
				ENABLE_TESTABILITY = YES;
				GCC_C_LANGUAGE_STANDARD = gnu99;
				GCC_DYNAMIC_NO_PIC = NO;
				GCC_NO_COMMON_BLOCKS = YES;
				GCC_OPTIMIZATION_LEVEL = 0;
				GCC_PREPROCESSOR_DEFINITIONS = (
					"DEBUG=1",
					"$(inherited)",
				);
				GCC_WARN_64_TO_32_BIT_CONVERSION = YES;
				GCC_WARN_ABOUT_RETURN_TYPE = YES_ERROR;
				GCC_WARN_UNDECLARED_SELECTOR = YES;
				GCC_WARN_UNINITIALIZED_AUTOS = YES_AGGRESSIVE;
				GCC_WARN_UNUSED_FUNCTION = YES;
				GCC_WARN_UNUSED_VARIABLE = YES;
				IPHONEOS_DEPLOYMENT_TARGET = 10.2;
				MTL_ENABLE_DEBUG_INFO = YES;
				ONLY_ACTIVE_ARCH = YES;
				SDKROOT = iphoneos;
				SWIFT_ACTIVE_COMPILATION_CONDITIONS = DEBUG;
				SWIFT_OPTIMIZATION_LEVEL = "-Onone";
			};
			name = Debug;
		};
		28D3BCCE1E7B3D8400F98E06 /* Release */ = {
			isa = XCBuildConfiguration;
			buildSettings = {
				ALWAYS_SEARCH_USER_PATHS = NO;
				CLANG_ANALYZER_NONNULL = YES;
				CLANG_CXX_LANGUAGE_STANDARD = "gnu++0x";
				CLANG_CXX_LIBRARY = "libc++";
				CLANG_ENABLE_MODULES = YES;
				CLANG_ENABLE_OBJC_ARC = YES;
				CLANG_WARN_BOOL_CONVERSION = YES;
				CLANG_WARN_CONSTANT_CONVERSION = YES;
				CLANG_WARN_DIRECT_OBJC_ISA_USAGE = YES_ERROR;
				CLANG_WARN_DOCUMENTATION_COMMENTS = YES;
				CLANG_WARN_EMPTY_BODY = YES;
				CLANG_WARN_ENUM_CONVERSION = YES;
				CLANG_WARN_INFINITE_RECURSION = YES;
				CLANG_WARN_INT_CONVERSION = YES;
				CLANG_WARN_OBJC_ROOT_CLASS = YES_ERROR;
				CLANG_WARN_SUSPICIOUS_MOVE = YES;
				CLANG_WARN_UNREACHABLE_CODE = YES;
				CLANG_WARN__DUPLICATE_METHOD_MATCH = YES;
				"CODE_SIGN_IDENTITY[sdk=iphoneos*]" = "iPhone Developer";
				COPY_PHASE_STRIP = NO;
				DEBUG_INFORMATION_FORMAT = "dwarf-with-dsym";
				ENABLE_NS_ASSERTIONS = NO;
				ENABLE_STRICT_OBJC_MSGSEND = YES;
				GCC_C_LANGUAGE_STANDARD = gnu99;
				GCC_NO_COMMON_BLOCKS = YES;
				GCC_WARN_64_TO_32_BIT_CONVERSION = YES;
				GCC_WARN_ABOUT_RETURN_TYPE = YES_ERROR;
				GCC_WARN_UNDECLARED_SELECTOR = YES;
				GCC_WARN_UNINITIALIZED_AUTOS = YES_AGGRESSIVE;
				GCC_WARN_UNUSED_FUNCTION = YES;
				GCC_WARN_UNUSED_VARIABLE = YES;
				IPHONEOS_DEPLOYMENT_TARGET = 10.2;
				MTL_ENABLE_DEBUG_INFO = NO;
				SDKROOT = iphoneos;
				SWIFT_OPTIMIZATION_LEVEL = "-Owholemodule";
				VALIDATE_PRODUCT = YES;
			};
			name = Release;
		};
		28D3BCD01E7B3D8400F98E06 /* Debug */ = {
			isa = XCBuildConfiguration;
			baseConfigurationReference = D3716AC67C37BAB064626663 /* Pods-Sous Box.debug.xcconfig */;
			buildSettings = {
				ASSETCATALOG_COMPILER_APPICON_NAME = AppIcon;
				DEVELOPMENT_TEAM = BQ64AM57S3;
				INFOPLIST_FILE = "Sous Box/Info.plist";
				LD_RUNPATH_SEARCH_PATHS = "$(inherited) @executable_path/Frameworks";
				PRODUCT_BUNDLE_IDENTIFIER = "billy1301.Sous-Box";
				PRODUCT_NAME = "$(TARGET_NAME)";
				SWIFT_VERSION = 3.0;
			};
			name = Debug;
		};
		28D3BCD11E7B3D8400F98E06 /* Release */ = {
			isa = XCBuildConfiguration;
			baseConfigurationReference = 5F61028756412B01258EAE8B /* Pods-Sous Box.release.xcconfig */;
			buildSettings = {
				ASSETCATALOG_COMPILER_APPICON_NAME = AppIcon;
				DEVELOPMENT_TEAM = BQ64AM57S3;
				INFOPLIST_FILE = "Sous Box/Info.plist";
				LD_RUNPATH_SEARCH_PATHS = "$(inherited) @executable_path/Frameworks";
				PRODUCT_BUNDLE_IDENTIFIER = "billy1301.Sous-Box";
				PRODUCT_NAME = "$(TARGET_NAME)";
				SWIFT_VERSION = 3.0;
			};
			name = Release;
		};
/* End XCBuildConfiguration section */

/* Begin XCConfigurationList section */
		28D3BCB81E7B3D8400F98E06 /* Build configuration list for PBXProject "Sous Box" */ = {
			isa = XCConfigurationList;
			buildConfigurations = (
				28D3BCCD1E7B3D8400F98E06 /* Debug */,
				28D3BCCE1E7B3D8400F98E06 /* Release */,
			);
			defaultConfigurationIsVisible = 0;
			defaultConfigurationName = Release;
		};
		28D3BCCF1E7B3D8400F98E06 /* Build configuration list for PBXNativeTarget "Sous Box" */ = {
			isa = XCConfigurationList;
			buildConfigurations = (
				28D3BCD01E7B3D8400F98E06 /* Debug */,
				28D3BCD11E7B3D8400F98E06 /* Release */,
			);
			defaultConfigurationIsVisible = 0;
			defaultConfigurationName = Release;
		};
/* End XCConfigurationList section */
	};
	rootObject = 28D3BCB51E7B3D8400F98E06 /* Project object */;
}
